
Microsoft Visual Studio Solution File, Format Version 11.00
# Visual Studio 2010
Project("{8BC9CEB8-8B4A-11D0-8D11-00A0C91BC942}") = "CS580HW2", "CS580HW2.vcxproj", "{9D154355-759C-000E-FD55-21B6BD8E9B0D}"
EndProject
Global
	GlobalSection(SolutionConfigurationPlatforms) = preSolution
		Debug|Win32 = Debug|Win32
		Release|Win32 = Release|Win32
	EndGlobalSection
	GlobalSection(ProjectConfigurationPlatforms) = postSolution
		{9D154355-759C-000E-FD55-21B6BD8E9B0D}.Debug|Win32.ActiveCfg = Debug|Win32
		{9D154355-759C-000E-FD55-21B6BD8E9B0D}.Debug|Win32.Build.0 = Debug|Win32
		{9D154355-759C-000E-FD55-21B6BD8E9B0D}.Release|Win32.ActiveCfg = Release|Win32
		{9D154355-759C-000E-FD55-21B6BD8E9B0D}.Release|Win32.Build.0 = Release|Win32
	EndGlobalSection
	GlobalSection(SolutionProperties) = preSolution
		HideSolutionNode = FALSE
	EndGlobalSection
EndGlobal
